// !$*UTF8*$!
{
	archiveVersion = 1;
	classes = {
	};
	objectVersion = 46;
	objects = {

/* Begin PBXBuildFile section */
		878F79741E7CAA0500FA2EB0 /* main.cpp in Sources */ = {isa = PBXBuildFile; fileRef = 878F79731E7CAA0500FA2EB0 /* main.cpp */; };
		878F79841E7CAB5C00FA2EB0 /* dkf_meas.cpp in Sources */ = {isa = PBXBuildFile; fileRef = 878F79801E7CAB5C00FA2EB0 /* dkf_meas.cpp */; };
		878F79851E7CAB5C00FA2EB0 /* dkf_network.cpp in Sources */ = {isa = PBXBuildFile; fileRef = 878F79811E7CAB5C00FA2EB0 /* dkf_network.cpp */; };
		878F79861E7CAB5C00FA2EB0 /* dkf_node.cpp in Sources */ = {isa = PBXBuildFile; fileRef = 878F79821E7CAB5C00FA2EB0 /* dkf_node.cpp */; };
		878F79871E7CAB5C00FA2EB0 /* dkf.cpp in Sources */ = {isa = PBXBuildFile; fileRef = 878F79831E7CAB5C00FA2EB0 /* dkf.cpp */; };
		878F798A1E7CADC900FA2EB0 /* ntbtiming.csv in CopyFiles */ = {isa = PBXBuildFile; fileRef = 878F79881E7CAC1100FA2EB0 /* ntbtiming.csv */; };
/* End PBXBuildFile section */

/* Begin PBXCopyFilesBuildPhase section */
		878F796E1E7CAA0500FA2EB0 /* CopyFiles */ = {
			isa = PBXCopyFilesBuildPhase;
			buildActionMask = 12;
			dstPath = "";
			dstSubfolderSpec = 16;
			files = (
				878F798A1E7CADC900FA2EB0 /* ntbtiming.csv in CopyFiles */,
			);
			runOnlyForDeploymentPostprocessing = 0;
		};
/* End PBXCopyFilesBuildPhase section */

/* Begin PBXFileReference section */
		878F79701E7CAA0500FA2EB0 /* dkf */ = {isa = PBXFileReference; explicitFileType = "compiled.mach-o.executable"; includeInIndex = 0; path = dkf; sourceTree = BUILT_PRODUCTS_DIR; };
		878F79731E7CAA0500FA2EB0 /* main.cpp */ = {isa = PBXFileReference; lastKnownFileType = sourcecode.cpp.cpp; path = main.cpp; sourceTree = "<group>"; };
		878F797B1E7CAB3F00FA2EB0 /* dkf_log.h */ = {isa = PBXFileReference; fileEncoding = 4; lastKnownFileType = sourcecode.c.h; path = dkf_log.h; sourceTree = "<group>"; };
		878F797C1E7CAB3F00FA2EB0 /* dkf_meas.h */ = {isa = PBXFileReference; fileEncoding = 4; lastKnownFileType = sourcecode.c.h; path = dkf_meas.h; sourceTree = "<group>"; };
		878F797D1E7CAB3F00FA2EB0 /* dkf_network.h */ = {isa = PBXFileReference; fileEncoding = 4; lastKnownFileType = sourcecode.c.h; path = dkf_network.h; sourceTree = "<group>"; };
		878F797E1E7CAB3F00FA2EB0 /* dkf_node.h */ = {isa = PBXFileReference; fileEncoding = 4; lastKnownFileType = sourcecode.c.h; path = dkf_node.h; sourceTree = "<group>"; };
		878F797F1E7CAB3F00FA2EB0 /* dkf.h */ = {isa = PBXFileReference; fileEncoding = 4; lastKnownFileType = sourcecode.c.h; path = dkf.h; sourceTree = "<group>"; };
		878F79801E7CAB5C00FA2EB0 /* dkf_meas.cpp */ = {isa = PBXFileReference; fileEncoding = 4; lastKnownFileType = sourcecode.cpp.cpp; path = dkf_meas.cpp; sourceTree = "<group>"; };
		878F79811E7CAB5C00FA2EB0 /* dkf_network.cpp */ = {isa = PBXFileReference; fileEncoding = 4; lastKnownFileType = sourcecode.cpp.cpp; path = dkf_network.cpp; sourceTree = "<group>"; };
		878F79821E7CAB5C00FA2EB0 /* dkf_node.cpp */ = {isa = PBXFileReference; fileEncoding = 4; lastKnownFileType = sourcecode.cpp.cpp; path = dkf_node.cpp; sourceTree = "<group>"; };
		878F79831E7CAB5C00FA2EB0 /* dkf.cpp */ = {isa = PBXFileReference; fileEncoding = 4; lastKnownFileType = sourcecode.cpp.cpp; path = dkf.cpp; sourceTree = "<group>"; };
		878F79881E7CAC1100FA2EB0 /* ntbtiming.csv */ = {isa = PBXFileReference; lastKnownFileType = text; path = ntbtiming.csv; sourceTree = "<group>"; };
		878F79891E7CAC9A00FA2EB0 /* eigen */ = {isa = PBXFileReference; lastKnownFileType = folder; path = eigen; sourceTree = "<group>"; };
/* End PBXFileReference section */

/* Begin PBXFrameworksBuildPhase section */
		878F796D1E7CAA0500FA2EB0 /* Frameworks */ = {
			isa = PBXFrameworksBuildPhase;
			buildActionMask = 2147483647;
			files = (
			);
			runOnlyForDeploymentPostprocessing = 0;
		};
/* End PBXFrameworksBuildPhase section */

/* Begin PBXGroup section */
		878F79671E7CAA0500FA2EB0 = {
			isa = PBXGroup;
			children = (
				878F79721E7CAA0500FA2EB0 /* dkf */,
				878F79711E7CAA0500FA2EB0 /* Products */,
			);
			sourceTree = "<group>";
		};
		878F79711E7CAA0500FA2EB0 /* Products */ = {
			isa = PBXGroup;
			children = (
				878F79701E7CAA0500FA2EB0 /* dkf */,
			);
			name = Products;
			sourceTree = "<group>";
		};
		878F79721E7CAA0500FA2EB0 /* dkf */ = {
			isa = PBXGroup;
			children = (
				878F79891E7CAC9A00FA2EB0 /* eigen */,
				878F79881E7CAC1100FA2EB0 /* ntbtiming.csv */,
				878F79801E7CAB5C00FA2EB0 /* dkf_meas.cpp */,
				878F79811E7CAB5C00FA2EB0 /* dkf_network.cpp */,
				878F79821E7CAB5C00FA2EB0 /* dkf_node.cpp */,
				878F79831E7CAB5C00FA2EB0 /* dkf.cpp */,
				878F797B1E7CAB3F00FA2EB0 /* dkf_log.h */,
				878F797C1E7CAB3F00FA2EB0 /* dkf_meas.h */,
				878F797D1E7CAB3F00FA2EB0 /* dkf_network.h */,
				878F797E1E7CAB3F00FA2EB0 /* dkf_node.h */,
				878F797F1E7CAB3F00FA2EB0 /* dkf.h */,
				878F79731E7CAA0500FA2EB0 /* main.cpp */,
			);
			path = dkf;
			sourceTree = "<group>";
		};
/* End PBXGroup section */

/* Begin PBXNativeTarget section */
		878F796F1E7CAA0500FA2EB0 /* dkf */ = {
			isa = PBXNativeTarget;
			buildConfigurationList = 878F79771E7CAA0500FA2EB0 /* Build configuration list for PBXNativeTarget "dkf" */;
			buildPhases = (
				878F796C1E7CAA0500FA2EB0 /* Sources */,
				878F796D1E7CAA0500FA2EB0 /* Frameworks */,
				878F796E1E7CAA0500FA2EB0 /* CopyFiles */,
			);
			buildRules = (
			);
			dependencies = (
			);
			name = dkf;
			productName = dkf;
			productReference = 878F79701E7CAA0500FA2EB0 /* dkf */;
			productType = "com.apple.product-type.tool";
		};
/* End PBXNativeTarget section */

/* Begin PBXProject section */
		878F79681E7CAA0500FA2EB0 /* Project object */ = {
			isa = PBXProject;
			attributes = {
				LastUpgradeCheck = 0730;
				ORGANIZATIONNAME = nesl;
				TargetAttributes = {
					878F796F1E7CAA0500FA2EB0 = {
						CreatedOnToolsVersion = 7.3.1;
					};
				};
			};
			buildConfigurationList = 878F796B1E7CAA0500FA2EB0 /* Build configuration list for PBXProject "dkf" */;
			compatibilityVersion = "Xcode 3.2";
			developmentRegion = English;
			hasScannedForEncodings = 0;
			knownRegions = (
				en,
			);
			mainGroup = 878F79671E7CAA0500FA2EB0;
			productRefGroup = 878F79711E7CAA0500FA2EB0 /* Products */;
			projectDirPath = "";
			projectRoot = "";
			targets = (
				878F796F1E7CAA0500FA2EB0 /* dkf */,
			);
		};
/* End PBXProject section */

/* Begin PBXSourcesBuildPhase section */
		878F796C1E7CAA0500FA2EB0 /* Sources */ = {
			isa = PBXSourcesBuildPhase;
			buildActionMask = 2147483647;
			files = (
				878F79741E7CAA0500FA2EB0 /* main.cpp in Sources */,
				878F79841E7CAB5C00FA2EB0 /* dkf_meas.cpp in Sources */,
				878F79851E7CAB5C00FA2EB0 /* dkf_network.cpp in Sources */,
				878F79861E7CAB5C00FA2EB0 /* dkf_node.cpp in Sources */,
				878F79871E7CAB5C00FA2EB0 /* dkf.cpp in Sources */,
			);
			runOnlyForDeploymentPostprocessing = 0;
		};
/* End PBXSourcesBuildPhase section */

/* Begin XCBuildConfiguration section */
		878F79751E7CAA0500FA2EB0 /* Debug */ = {
			isa = XCBuildConfiguration;
			buildSettings = {
				ALWAYS_SEARCH_USER_PATHS = NO;
				CLANG_ANALYZER_NONNULL = YES;
				CLANG_CXX_LANGUAGE_STANDARD = "gnu++0x";
				CLANG_CXX_LIBRARY = "libc++";
				CLANG_ENABLE_MODULES = YES;
				CLANG_ENABLE_OBJC_ARC = YES;
				CLANG_WARN_BOOL_CONVERSION = YES;
				CLANG_WARN_CONSTANT_CONVERSION = YES;
				CLANG_WARN_DIRECT_OBJC_ISA_USAGE = YES_ERROR;
				CLANG_WARN_EMPTY_BODY = YES;
				CLANG_WARN_ENUM_CONVERSION = YES;
				CLANG_WARN_INT_CONVERSION = YES;
				CLANG_WARN_OBJC_ROOT_CLASS = YES_ERROR;
				CLANG_WARN_UNREACHABLE_CODE = YES;
				CLANG_WARN__DUPLICATE_METHOD_MATCH = YES;
				CODE_SIGN_IDENTITY = "-";
				COPY_PHASE_STRIP = NO;
				DEBUG_INFORMATION_FORMAT = dwarf;
				ENABLE_STRICT_OBJC_MSGSEND = YES;
				ENABLE_TESTABILITY = YES;
				GCC_C_LANGUAGE_STANDARD = gnu99;
				GCC_DYNAMIC_NO_PIC = NO;
				GCC_NO_COMMON_BLOCKS = YES;
				GCC_OPTIMIZATION_LEVEL = 0;
				GCC_PREPROCESSOR_DEFINITIONS = (
					"DEBUG=1",
					"$(inherited)",
				);
				GCC_WARN_64_TO_32_BIT_CONVERSION = YES;
				GCC_WARN_ABOUT_RETURN_TYPE = YES_ERROR;
				GCC_WARN_UNDECLARED_SELECTOR = YES;
				GCC_WARN_UNINITIALIZED_AUTOS = YES_AGGRESSIVE;
				GCC_WARN_UNUSED_FUNCTION = YES;
				GCC_WARN_UNUSED_VARIABLE = YES;
				MACOSX_DEPLOYMENT_TARGET = 10.11;
				MTL_ENABLE_DEBUG_INFO = YES;
				ONLY_ACTIVE_ARCH = YES;
				SDKROOT = macosx;
			};
			name = Debug;
		};
		878F79761E7CAA0500FA2EB0 /* Release */ = {
			isa = XCBuildConfiguration;
			buildSettings = {
				ALWAYS_SEARCH_USER_PATHS = NO;
				CLANG_ANALYZER_NONNULL = YES;
				CLANG_CXX_LANGUAGE_STANDARD = "gnu++0x";
				CLANG_CXX_LIBRARY = "libc++";
				CLANG_ENABLE_MODULES = YES;
				CLANG_ENABLE_OBJC_ARC = YES;
				CLANG_WARN_BOOL_CONVERSION = YES;
				CLANG_WARN_CONSTANT_CONVERSION = YES;
				CLANG_WARN_DIRECT_OBJC_ISA_USAGE = YES_ERROR;
				CLANG_WARN_EMPTY_BODY = YES;
				CLANG_WARN_ENUM_CONVERSION = YES;
				CLANG_WARN_INT_CONVERSION = YES;
				CLANG_WARN_OBJC_ROOT_CLASS = YES_ERROR;
				CLANG_WARN_UNREACHABLE_CODE = YES;
				CLANG_WARN__DUPLICATE_METHOD_MATCH = YES;
				CODE_SIGN_IDENTITY = "-";
				COPY_PHASE_STRIP = NO;
				DEBUG_INFORMATION_FORMAT = "dwarf-with-dsym";
				ENABLE_NS_ASSERTIONS = NO;
				ENABLE_STRICT_OBJC_MSGSEND = YES;
				GCC_C_LANGUAGE_STANDARD = gnu99;
				GCC_NO_COMMON_BLOCKS = YES;
				GCC_WARN_64_TO_32_BIT_CONVERSION = YES;
				GCC_WARN_ABOUT_RETURN_TYPE = YES_ERROR;
				GCC_WARN_UNDECLARED_SELECTOR = YES;
				GCC_WARN_UNINITIALIZED_AUTOS = YES_AGGRESSIVE;
				GCC_WARN_UNUSED_FUNCTION = YES;
				GCC_WARN_UNUSED_VARIABLE = YES;
				MACOSX_DEPLOYMENT_TARGET = 10.11;
				MTL_ENABLE_DEBUG_INFO = NO;
				SDKROOT = macosx;
			};
			name = Release;
		};
		878F79781E7CAA0500FA2EB0 /* Debug */ = {
			isa = XCBuildConfiguration;
			buildSettings = {
				HEADER_SEARCH_PATHS = /Users/nlogn/Documents/dkf/dkf/eigen;
				OTHER_CFLAGS = "-DDKF_LOG";
				PRODUCT_NAME = "$(TARGET_NAME)";
			};
			name = Debug;
		};
		878F79791E7CAA0500FA2EB0 /* Release */ = {
			isa = XCBuildConfiguration;
			buildSettings = {
				HEADER_SEARCH_PATHS = /Users/nlogn/Documents/dkf/dkf/eigen;
				PRODUCT_NAME = "$(TARGET_NAME)";
			};
			name = Release;
		};
/* End XCBuildConfiguration section */

/* Begin XCConfigurationList section */
		878F796B1E7CAA0500FA2EB0 /* Build configuration list for PBXProject "dkf" */ = {
			isa = XCConfigurationList;
			buildConfigurations = (
				878F79751E7CAA0500FA2EB0 /* Debug */,
				878F79761E7CAA0500FA2EB0 /* Release */,
			);
			defaultConfigurationIsVisible = 0;
			defaultConfigurationName = Release;
		};
		878F79771E7CAA0500FA2EB0 /* Build configuration list for PBXNativeTarget "dkf" */ = {
			isa = XCConfigurationList;
			buildConfigurations = (
				878F79781E7CAA0500FA2EB0 /* Debug */,
				878F79791E7CAA0500FA2EB0 /* Release */,
			);
			defaultConfigurationIsVisible = 0;
		};
/* End XCConfigurationList section */
	};
	rootObject = 878F79681E7CAA0500FA2EB0 /* Project object */;
}
